github.com/davecgh/go-spew v1.1.1 h1:vj9j/u1bqnvCEfJOwUhtlOARqs3+rkHYY13jYWTU97c=
github.com/davecgh/go-spew v1.1.1/go.mod h1:J7Y8YcW2NihsgmVo/mv3lAwl/skON4iLHjSsI+c5H38=
github.com/hashicorp/golang-lru/v2 v2.0.7 h1:a+bsQ5rvGLjzHuww6tVxozPZFVghXaHOwFs4luLUK2k=
github.com/hashicorp/golang-lru/v2 v2.0.7/go.mod h1:QeFd9opnmA6QUJc5vARoKUSoFhyfM2/ZepoAG6RGpeM=
github.com/pmezard/go-difflib v1.0.0 h1:4DBwDE0NGyQoBHbLQYPwSUPoCMWR5BEzIk/f1lZbAQM=
github.com/pmezard/go-difflib v1.0.0/go.mod h1:iKH77koFhYxTK1pcRnkKkqfTogsbg7gZNVY4sRDYZ/4=
github.com/posthog/posthog-go v1.5.10 h1:K/bHoT2YJQdztFzc084qmEL8u50ckXEX71rLXJnl0IA=
github.com/posthog/posthog-go v1.5.10/go.mod h1:ZPCind3bz8xDLK0Zhvpv1fQav6WfRcQDqTMfMXmna98=
github.com/posthog/posthog-go v1.5.11 h1:EQUQ+Fro6gXeBAS5I57rN4Tg8CKbXj7ILZsRTKdF12k=
github.com/posthog/posthog-go v1.5.11/go.mod h1:ZPCind3bz8xDLK0Zhvpv1fQav6WfRcQDqTMfMXmna98=
github.com/posthog/posthog-go v1.5.12 h1:nxK/z5QLCFxwzxV8GNvVd4Y1wJ++zJSWMGEtzU+/HLM=
github.com/posthog/posthog-go v1.5.12/go.mod h1:ZPCind3bz8xDLK0Zhvpv1fQav6WfRcQDqTMfMXmna98=
github.com/posthog/posthog-go v1.5.15 h1:r1GnkxNbXsY/FYNyGHWJMMkqeYvQir16C7sU4Si6YV0=
github.com/posthog/posthog-go v1.5.15/go.mod h1:ZPCind3bz8xDLK0Zhvpv1fQav6WfRcQDqTMfMXmna98=
github.com/posthog/posthog-go v1.6.1 h1:3ZspN1rTqaK3WBWwLr+rAzDMeeolmdGDT3BxzNweFrc=
github.com/posthog/posthog-go v1.6.1/go.mod h1:ZPCind3bz8xDLK0Zhvpv1fQav6WfRcQDqTMfMXmna98=
github.com/posthog/posthog-go v1.6.3 h1:cXkvbxXmfhyKWufuEbSYpKQw/TG0+ns4HCu+Yi5rw24=
github.com/posthog/posthog-go v1.6.3/go.mod h1:2aijxPrXW9fsp+ItWx1iLM5lkoLLGzefrzGzjKYKPL4=
github.com/posthog/posthog-go v1.6.5 h1:4GWFpOLY/QJngpS1BX1/MwvO/xQGKkcSIfVzH+GS6vc=
github.com/posthog/posthog-go v1.6.5/go.mod h1:LcC1Nu4AgvV22EndTtrMXTy+7RGVC0MhChSw7Qk5XkY=
github.com/posthog/posthog-go v1.6.8 h1:l5H05oKqiZbLYAjxrus3Rvj606bdEu+7EDAhKnSgU6I=
github.com/posthog/posthog-go v1.6.8/go.mod h1:LcC1Nu4AgvV22EndTtrMXTy+7RGVC0MhChSw7Qk5XkY=
github.com/posthog/posthog-go v1.6.10 h1:OA6bkiUg89rI7f5cSXbcrH5+wLinyS6hHplnD92Pu/M=
github.com/posthog/posthog-go v1.6.10/go.mod h1:LcC1Nu4AgvV22EndTtrMXTy+7RGVC0MhChSw7Qk5XkY=
github.com/posthog/posthog-go v1.6.11 h1:5G8Y3pxnOpc3S4+PK1z1dCmZRuldiWxBsqqvvSfC2+w=
github.com/posthog/posthog-go v1.6.11/go.mod h1:LcC1Nu4AgvV22EndTtrMXTy+7RGVC0MhChSw7Qk5XkY=
github.com/posthog/posthog-go v1.6.12 h1:rsOBL/YdMfLJtOVjKJLgdzYmvaL3aIW6IVbAteSe+aI=
github.com/posthog/posthog-go v1.6.12/go.mod h1:LcC1Nu4AgvV22EndTtrMXTy+7RGVC0MhChSw7Qk5XkY=
github.com/posthog/posthog-go v1.6.13 h1:4t9j0VOIJBgITm4v5rLsLy3IKUkU9dn2VusMNzZXScw=
github.com/posthog/posthog-go v1.6.13/go.mod h1:LcC1Nu4AgvV22EndTtrMXTy+7RGVC0MhChSw7Qk5XkY=
github.com/posthog/posthog-go v1.8.2 h1:v/ajsM8lq+2Z3OlQbTVWqiHI+hyh9Cd4uiQt1wFlehE=
github.com/posthog/posthog-go v1.8.2/go.mod h1:ueZiJCmHezyDHI/swIR1RmOfktLehnahJnFxEvQ9mnQ=
github.com/stretchr/testify v1.10.0 h1:Xv5erBjTwe/5IxqUQTdXv5kgmIvbHo3QQyRwhJsOfJA=
github.com/stretchr/testify v1.10.0/go.mod h1:r2ic/lqez/lEtzL7wO/rwa5dbSLXVDPFyf8C91i36aY=
github.com/strongo/analytics v0.0.11 h1:rgORqeYRf1kXkJOBX+7UO5Op2ulcc5jkp7fbUC5+ANM=
github.com/strongo/analytics v0.0.11/go.mod h1:1OdiZI9/fPDN8ep1Pbz+F3UZPNbttUD7T1St15r760c=
github.com/strongo/analytics v0.1.0 h1:42Oa43Rx90LRjzLJO/hUG4POYSZ5Dwf9cZnkZmNz4Bc=
github.com/strongo/analytics v0.1.0/go.mod h1:1OdiZI9/fPDN8ep1Pbz+F3UZPNbttUD7T1St15r760c=
github.com/strongo/analytics v0.2.1 h1:PP/TMyE20QjfQjPY7S+bUbSgyd01f9ZUjeuniRsEvEE=
github.com/strongo/analytics v0.2.1/go.mod h1:1OdiZI9/fPDN8ep1Pbz+F3UZPNbttUD7T1St15r760c=
github.com/strongo/analytics v0.2.2 h1:D2xxTemgCK+4Qk0iBVvXXKsZnm5iS350TPAaZnXFeT8=
github.com/strongo/analytics v0.2.2/go.mod h1:1OdiZI9/fPDN8ep1Pbz+F3UZPNbttUD7T1St15r760c=
github.com/strongo/analytics v0.2.3 h1:zGJfB0HmW1TTsQjIM0qHvNSPgAQq15+PZIeVNA5LNsE=
github.com/strongo/analytics v0.2.3/go.mod h1:Qvk9Yfg0ni27upMrLYQc6J4CcKTGgDOfUhMQejyJmPg=
github.com/strongo/logus v0.2.1 h1:ZzAtdSg6PPF1Y43WbNWl7MH1XYl7kvKMxyxv/lpbadI=
github.com/strongo/logus v0.2.1/go.mod h1:sd8gjJklqGQAg+Q0mlP5MWgzguAuxR25YYFSkfVOPdc=
github.com/strongo/logus v0.4.0 h1:EdwNafWX1eGWvPqMvu3gHVqXtBOUvV9KWbxm6tCU+dU=
github.com/strongo/logus v0.4.0/go.mod h1:sd8gjJklqGQAg+Q0mlP5MWgzguAuxR25YYFSkfVOPdc=
gopkg.in/yaml.v3 v3.0.1 h1:fxVm/GzAzEWqLHuvctI91KS9hhNmmWOoWu0XTYJS7CA=
gopkg.in/yaml.v3 v3.0.1/go.mod h1:K4uyk7z7BCEPqu6E+C64Yfv1cQ7kz7rIZviUmN+EgEM=
